
Microsoft Visual Studio Solution File, Format Version 12.00
# Visual Studio Version 17
VisualStudioVersion = 17.7.34024.191
MinimumVisualStudioVersion = 10.0.40219.1
Project("{FAE04EC0-301F-11D3-BF4B-00C04F79EFBC}") = "BaiTapLon", "BaiTapLon.csproj", "{9051B9D0-F554-44D1-BFD9-0476B6684FCE}"
EndProject
Global
	GlobalSection(SolutionConfigurationPlatforms) = preSolution
		Debug|Any CPU = Debug|Any CPU
		Release|Any CPU = Release|Any CPU
	EndGlobalSection
	GlobalSection(ProjectConfigurationPlatforms) = postSolution
		{9051B9D0-F554-44D1-BFD9-0476B6684FCE}.Debug|Any CPU.ActiveCfg = Debug|Any CPU
		{9051B9D0-F554-44D1-BFD9-0476B6684FCE}.Debug|Any CPU.Build.0 = Debug|Any CPU
		{9051B9D0-F554-44D1-BFD9-0476B6684FCE}.Release|Any CPU.ActiveCfg = Release|Any CPU
		{9051B9D0-F554-44D1-BFD9-0476B6684FCE}.Release|Any CPU.Build.0 = Release|Any CPU
	EndGlobalSection
	GlobalSection(SolutionProperties) = preSolution
		HideSolutionNode = FALSE
	EndGlobalSection
	GlobalSection(ExtensibilityGlobals) = postSolution
		SolutionGuid = {C3F0EC64-9310-4E59-81F9-F894A7920280}
	EndGlobalSection
EndGlobal
